// !$*UTF8*$!
{
	archiveVersion = 1;
	classes = {
	};
	objectVersion = 46;
	objects = {

/* Begin PBXFileReference section */
		DD636ADA1A78389D00134561 /* README */ = {isa = PBXFileReference; fileEncoding = 4; lastKnownFileType = text; path = README; sourceTree = "<group>"; };
		DD636ADB1A78389D00134561 /* rtacontroller.cpp */ = {isa = PBXFileReference; fileEncoding = 4; lastKnownFileType = sourcecode.cpp.cpp; path = rtacontroller.cpp; sourceTree = "<group>"; };
		DD636ADC1A78389D00134561 /* rtaebsim.cpp */ = {isa = PBXFileReference; fileEncoding = 4; lastKnownFileType = sourcecode.cpp.cpp; path = rtaebsim.cpp; sourceTree = "<group>"; };
		DD636ADD1A78389D00134561 /* rtareceiver.cpp */ = {isa = PBXFileReference; fileEncoding = 4; lastKnownFileType = sourcecode.cpp.cpp; path = rtareceiver.cpp; sourceTree = "<group>"; };
		DD636ADE1A78389D00134561 /* rtareceiver_zmq.cpp */ = {isa = PBXFileReference; fileEncoding = 4; lastKnownFileType = sourcecode.cpp.cpp; path = rtareceiver_zmq.cpp; sourceTree = "<group>"; };
		DD636ADF1A78389D00134561 /* rtawave.cpp */ = {isa = PBXFileReference; fileEncoding = 4; lastKnownFileType = sourcecode.cpp.cpp; path = rtawave.cpp; sourceTree = "<group>"; };
		DD636AE01A78389D00134561 /* version.h */ = {isa = PBXFileReference; fileEncoding = 4; lastKnownFileType = sourcecode.c.h; path = version.h; sourceTree = "<group>"; };
		DD636AE11A78389D00134561 /* zhelpers.h */ = {isa = PBXFileReference; fileEncoding = 4; lastKnownFileType = sourcecode.c.h; path = zhelpers.h; sourceTree = "<group>"; };
		DD636AE21A78389D00134561 /* zhelpers.hpp */ = {isa = PBXFileReference; fileEncoding = 4; lastKnownFileType = sourcecode.cpp.h; path = zhelpers.hpp; sourceTree = "<group>"; };
		DD636AE31A78389D00134561 /* zmq.hpp */ = {isa = PBXFileReference; fileEncoding = 4; lastKnownFileType = sourcecode.cpp.h; path = zmq.hpp; sourceTree = "<group>"; };
		DD636AE51A7838A900134561 /* README */ = {isa = PBXFileReference; fileEncoding = 4; lastKnownFileType = text; path = README; sourceTree = "<group>"; };
		DD636AE61A7838A900134561 /* rta_fadc_all.xml */ = {isa = PBXFileReference; fileEncoding = 4; lastKnownFileType = text.xml; path = rta_fadc_all.xml; sourceTree = "<group>"; };
/* End PBXFileReference section */

/* Begin PBXGroup section */
		DD636ACE1A78386300134561 = {
			isa = PBXGroup;
			children = (
				DD636AE41A7838A900134561 /* conf */,
				DD636AD91A78389D00134561 /* code */,
			);
			sourceTree = "<group>";
		};
		DD636AD91A78389D00134561 /* code */ = {
			isa = PBXGroup;
			children = (
				DD636ADA1A78389D00134561 /* README */,
				DD636ADB1A78389D00134561 /* rtacontroller.cpp */,
				DD636ADC1A78389D00134561 /* rtaebsim.cpp */,
				DD636ADD1A78389D00134561 /* rtareceiver.cpp */,
				DD636ADE1A78389D00134561 /* rtareceiver_zmq.cpp */,
				DD636ADF1A78389D00134561 /* rtawave.cpp */,
				DD636AE01A78389D00134561 /* version.h */,
				DD636AE11A78389D00134561 /* zhelpers.h */,
				DD636AE21A78389D00134561 /* zhelpers.hpp */,
				DD636AE31A78389D00134561 /* zmq.hpp */,
			);
			path = code;
			sourceTree = "<group>";
		};
		DD636AE41A7838A900134561 /* conf */ = {
			isa = PBXGroup;
			children = (
				DD636AE51A7838A900134561 /* README */,
				DD636AE61A7838A900134561 /* rta_fadc_all.xml */,
			);
			path = conf;
			sourceTree = "<group>";
		};
/* End PBXGroup section */

/* Begin PBXLegacyTarget section */
		DD636AD31A78386300134561 /* RTAPrototype2 */ = {
			isa = PBXLegacyTarget;
			buildArgumentsString = "$(ACTION)";
			buildConfigurationList = DD636AD61A78386300134561 /* Build configuration list for PBXLegacyTarget "RTAPrototype2" */;
			buildPhases = (
			);
			buildToolPath = /usr/bin/make;
			dependencies = (
			);
			name = RTAPrototype2;
			passBuildSettingsInEnvironment = 1;
			productName = RTAPrototype2;
		};
/* End PBXLegacyTarget section */

/* Begin PBXProject section */
		DD636ACF1A78386300134561 /* Project object */ = {
			isa = PBXProject;
			attributes = {
				LastUpgradeCheck = 0610;
				ORGANIZATIONNAME = "Andrea Bulgarelli";
				TargetAttributes = {
					DD636AD31A78386300134561 = {
						CreatedOnToolsVersion = 6.1.1;
					};
				};
			};
			buildConfigurationList = DD636AD21A78386300134561 /* Build configuration list for PBXProject "RTAPrototype2" */;
			compatibilityVersion = "Xcode 3.2";
			developmentRegion = English;
			hasScannedForEncodings = 0;
			knownRegions = (
				en,
			);
			mainGroup = DD636ACE1A78386300134561;
			projectDirPath = "";
			projectRoot = "";
			targets = (
				DD636AD31A78386300134561 /* RTAPrototype2 */,
			);
		};
/* End PBXProject section */

/* Begin XCBuildConfiguration section */
		DD636AD41A78386300134561 /* Debug */ = {
			isa = XCBuildConfiguration;
			buildSettings = {
				ALWAYS_SEARCH_USER_PATHS = NO;
				CLANG_CXX_LANGUAGE_STANDARD = "gnu++0x";
				CLANG_CXX_LIBRARY = "libc++";
				CLANG_ENABLE_MODULES = YES;
				CLANG_ENABLE_OBJC_ARC = YES;
				CLANG_WARN_BOOL_CONVERSION = YES;
				CLANG_WARN_CONSTANT_CONVERSION = YES;
				CLANG_WARN_DIRECT_OBJC_ISA_USAGE = YES_ERROR;
				CLANG_WARN_EMPTY_BODY = YES;
				CLANG_WARN_ENUM_CONVERSION = YES;
				CLANG_WARN_INT_CONVERSION = YES;
				CLANG_WARN_OBJC_ROOT_CLASS = YES_ERROR;
				CLANG_WARN_UNREACHABLE_CODE = YES;
				CLANG_WARN__DUPLICATE_METHOD_MATCH = YES;
				COPY_PHASE_STRIP = NO;
				ENABLE_STRICT_OBJC_MSGSEND = YES;
				GCC_C_LANGUAGE_STANDARD = gnu99;
				GCC_DYNAMIC_NO_PIC = NO;
				GCC_OPTIMIZATION_LEVEL = 0;
				GCC_PREPROCESSOR_DEFINITIONS = (
					"DEBUG=1",
					"$(inherited)",
				);
				GCC_SYMBOLS_PRIVATE_EXTERN = NO;
				GCC_WARN_64_TO_32_BIT_CONVERSION = YES;
				GCC_WARN_ABOUT_RETURN_TYPE = YES_ERROR;
				GCC_WARN_UNDECLARED_SELECTOR = YES;
				GCC_WARN_UNINITIALIZED_AUTOS = YES_AGGRESSIVE;
				GCC_WARN_UNUSED_FUNCTION = YES;
				GCC_WARN_UNUSED_VARIABLE = YES;
				MACOSX_DEPLOYMENT_TARGET = 10.9;
				MTL_ENABLE_DEBUG_INFO = YES;
				ONLY_ACTIVE_ARCH = YES;
				SDKROOT = macosx;
			};
			name = Debug;
		};
		DD636AD51A78386300134561 /* Release */ = {
			isa = XCBuildConfiguration;
			buildSettings = {
				ALWAYS_SEARCH_USER_PATHS = NO;
				CLANG_CXX_LANGUAGE_STANDARD = "gnu++0x";
				CLANG_CXX_LIBRARY = "libc++";
				CLANG_ENABLE_MODULES = YES;
				CLANG_ENABLE_OBJC_ARC = YES;
				CLANG_WARN_BOOL_CONVERSION = YES;
				CLANG_WARN_CONSTANT_CONVERSION = YES;
				CLANG_WARN_DIRECT_OBJC_ISA_USAGE = YES_ERROR;
				CLANG_WARN_EMPTY_BODY = YES;
				CLANG_WARN_ENUM_CONVERSION = YES;
				CLANG_WARN_INT_CONVERSION = YES;
				CLANG_WARN_OBJC_ROOT_CLASS = YES_ERROR;
				CLANG_WARN_UNREACHABLE_CODE = YES;
				CLANG_WARN__DUPLICATE_METHOD_MATCH = YES;
				COPY_PHASE_STRIP = YES;
				DEBUG_INFORMATION_FORMAT = "dwarf-with-dsym";
				ENABLE_NS_ASSERTIONS = NO;
				ENABLE_STRICT_OBJC_MSGSEND = YES;
				GCC_C_LANGUAGE_STANDARD = gnu99;
				GCC_WARN_64_TO_32_BIT_CONVERSION = YES;
				GCC_WARN_ABOUT_RETURN_TYPE = YES_ERROR;
				GCC_WARN_UNDECLARED_SELECTOR = YES;
				GCC_WARN_UNINITIALIZED_AUTOS = YES_AGGRESSIVE;
				GCC_WARN_UNUSED_FUNCTION = YES;
				GCC_WARN_UNUSED_VARIABLE = YES;
				MACOSX_DEPLOYMENT_TARGET = 10.9;
				MTL_ENABLE_DEBUG_INFO = NO;
				SDKROOT = macosx;
			};
			name = Release;
		};
		DD636AD71A78386300134561 /* Debug */ = {
			isa = XCBuildConfiguration;
			buildSettings = {
				DEBUGGING_SYMBOLS = YES;
				GCC_GENERATE_DEBUGGING_SYMBOLS = YES;
				GCC_OPTIMIZATION_LEVEL = 0;
				OTHER_CFLAGS = "";
				OTHER_LDFLAGS = "";
				PRODUCT_NAME = "$(TARGET_NAME)";
			};
			name = Debug;
		};
		DD636AD81A78386300134561 /* Release */ = {
			isa = XCBuildConfiguration;
			buildSettings = {
				OTHER_CFLAGS = "";
				OTHER_LDFLAGS = "";
				PRODUCT_NAME = "$(TARGET_NAME)";
			};
			name = Release;
		};
/* End XCBuildConfiguration section */

/* Begin XCConfigurationList section */
		DD636AD21A78386300134561 /* Build configuration list for PBXProject "RTAPrototype2" */ = {
			isa = XCConfigurationList;
			buildConfigurations = (
				DD636AD41A78386300134561 /* Debug */,
				DD636AD51A78386300134561 /* Release */,
			);
			defaultConfigurationIsVisible = 0;
			defaultConfigurationName = Release;
		};
		DD636AD61A78386300134561 /* Build configuration list for PBXLegacyTarget "RTAPrototype2" */ = {
			isa = XCConfigurationList;
			buildConfigurations = (
				DD636AD71A78386300134561 /* Debug */,
				DD636AD81A78386300134561 /* Release */,
			);
			defaultConfigurationIsVisible = 0;
			defaultConfigurationName = Release;
		};
/* End XCConfigurationList section */
	};
	rootObject = DD636ACF1A78386300134561 /* Project object */;
}
