// !$*UTF8*$!
{
	archiveVersion = 1;
	classes = {
	};
	objectVersion = 46;
	objects = {

/* Begin PBXFileReference section */
		DD3FE50719E4FA7000EB57C4 /* mac_clock_gettime.h */ = {isa = PBXFileReference; fileEncoding = 4; lastKnownFileType = sourcecode.c.h; path = mac_clock_gettime.h; sourceTree = "<group>"; };
		DD3FE50819E4FA7000EB57C4 /* README */ = {isa = PBXFileReference; fileEncoding = 4; lastKnownFileType = text; path = README; sourceTree = "<group>"; };
		DD3FE50919E4FA7000EB57C4 /* rtaebsim.cpp */ = {isa = PBXFileReference; fileEncoding = 4; lastKnownFileType = sourcecode.cpp.cpp; path = rtaebsim.cpp; sourceTree = "<group>"; };
		DD3FE50A19E4FA7000EB57C4 /* version.h */ = {isa = PBXFileReference; fileEncoding = 4; lastKnownFileType = sourcecode.c.h; path = version.h; sourceTree = "<group>"; };
		DD3FE50C19E5742600EB57C4 /* Makefile */ = {isa = PBXFileReference; fileEncoding = 4; lastKnownFileType = sourcecode.make; path = Makefile; sourceTree = "<group>"; };
		DD3FE50D19E575B400EB57C4 /* rtareceiver.cpp */ = {isa = PBXFileReference; fileEncoding = 4; lastKnownFileType = sourcecode.cpp.cpp; path = rtareceiver.cpp; sourceTree = "<group>"; };
		DD783ACE19E681310033ACA2 /* rtacontroller.cpp */ = {isa = PBXFileReference; fileEncoding = 4; lastKnownFileType = sourcecode.cpp.cpp; path = rtacontroller.cpp; sourceTree = "<group>"; };
		DD783ACF19E6813A0033ACA2 /* zhelpers.hpp */ = {isa = PBXFileReference; fileEncoding = 4; lastKnownFileType = sourcecode.cpp.h; path = zhelpers.hpp; sourceTree = "<group>"; };
		DD783AD019E6BA1F0033ACA2 /* rta_fadc_all.xml */ = {isa = PBXFileReference; fileEncoding = 4; lastKnownFileType = text.xml; path = rta_fadc_all.xml; sourceTree = "<group>"; };
/* End PBXFileReference section */

/* Begin PBXGroup section */
		DD3FE4FB19E4FA4D00EB57C4 = {
			isa = PBXGroup;
			children = (
				DD783AD019E6BA1F0033ACA2 /* rta_fadc_all.xml */,
				DD3FE50C19E5742600EB57C4 /* Makefile */,
				DD3FE50619E4FA7000EB57C4 /* code */,
			);
			sourceTree = "<group>";
		};
		DD3FE50619E4FA7000EB57C4 /* code */ = {
			isa = PBXGroup;
			children = (
				DD783ACF19E6813A0033ACA2 /* zhelpers.hpp */,
				DD783ACE19E681310033ACA2 /* rtacontroller.cpp */,
				DD3FE50D19E575B400EB57C4 /* rtareceiver.cpp */,
				DD3FE50719E4FA7000EB57C4 /* mac_clock_gettime.h */,
				DD3FE50819E4FA7000EB57C4 /* README */,
				DD3FE50919E4FA7000EB57C4 /* rtaebsim.cpp */,
				DD3FE50A19E4FA7000EB57C4 /* version.h */,
			);
			path = code;
			sourceTree = "<group>";
		};
/* End PBXGroup section */

/* Begin PBXLegacyTarget section */
		DD3FE50019E4FA4D00EB57C4 /* RTAProtoV2 */ = {
			isa = PBXLegacyTarget;
			buildArgumentsString = "$(ACTION)";
			buildConfigurationList = DD3FE50319E4FA4D00EB57C4 /* Build configuration list for PBXLegacyTarget "RTAProtoV2" */;
			buildPhases = (
			);
			buildToolPath = /usr/bin/make;
			dependencies = (
			);
			name = RTAProtoV2;
			passBuildSettingsInEnvironment = 1;
			productName = RTAProtoV2;
		};
/* End PBXLegacyTarget section */

/* Begin PBXProject section */
		DD3FE4FC19E4FA4D00EB57C4 /* Project object */ = {
			isa = PBXProject;
			attributes = {
				LastUpgradeCheck = 0600;
				ORGANIZATIONNAME = "Andrea Bulgarelli";
				TargetAttributes = {
					DD3FE50019E4FA4D00EB57C4 = {
						CreatedOnToolsVersion = 6.0.1;
					};
				};
			};
			buildConfigurationList = DD3FE4FF19E4FA4D00EB57C4 /* Build configuration list for PBXProject "RTAProtoV2" */;
			compatibilityVersion = "Xcode 3.2";
			developmentRegion = English;
			hasScannedForEncodings = 0;
			knownRegions = (
				en,
			);
			mainGroup = DD3FE4FB19E4FA4D00EB57C4;
			projectDirPath = "";
			projectRoot = "";
			targets = (
				DD3FE50019E4FA4D00EB57C4 /* RTAProtoV2 */,
			);
		};
/* End PBXProject section */

/* Begin XCBuildConfiguration section */
		DD3FE50119E4FA4D00EB57C4 /* Debug */ = {
			isa = XCBuildConfiguration;
			buildSettings = {
				ALWAYS_SEARCH_USER_PATHS = NO;
				CLANG_CXX_LANGUAGE_STANDARD = "gnu++0x";
				CLANG_CXX_LIBRARY = "libc++";
				CLANG_ENABLE_MODULES = YES;
				CLANG_ENABLE_OBJC_ARC = YES;
				CLANG_WARN_BOOL_CONVERSION = YES;
				CLANG_WARN_CONSTANT_CONVERSION = YES;
				CLANG_WARN_DIRECT_OBJC_ISA_USAGE = YES_ERROR;
				CLANG_WARN_EMPTY_BODY = YES;
				CLANG_WARN_ENUM_CONVERSION = YES;
				CLANG_WARN_INT_CONVERSION = YES;
				CLANG_WARN_OBJC_ROOT_CLASS = YES_ERROR;
				CLANG_WARN_UNREACHABLE_CODE = YES;
				CLANG_WARN__DUPLICATE_METHOD_MATCH = YES;
				COPY_PHASE_STRIP = NO;
				ENABLE_STRICT_OBJC_MSGSEND = YES;
				GCC_C_LANGUAGE_STANDARD = gnu99;
				GCC_DYNAMIC_NO_PIC = NO;
				GCC_OPTIMIZATION_LEVEL = 0;
				GCC_PREPROCESSOR_DEFINITIONS = (
					"DEBUG=1",
					"$(inherited)",
				);
				GCC_SYMBOLS_PRIVATE_EXTERN = NO;
				GCC_WARN_64_TO_32_BIT_CONVERSION = YES;
				GCC_WARN_ABOUT_RETURN_TYPE = YES_ERROR;
				GCC_WARN_UNDECLARED_SELECTOR = YES;
				GCC_WARN_UNINITIALIZED_AUTOS = YES_AGGRESSIVE;
				GCC_WARN_UNUSED_FUNCTION = YES;
				GCC_WARN_UNUSED_VARIABLE = YES;
				MACOSX_DEPLOYMENT_TARGET = 10.9;
				MTL_ENABLE_DEBUG_INFO = YES;
				ONLY_ACTIVE_ARCH = YES;
				SDKROOT = macosx;
			};
			name = Debug;
		};
		DD3FE50219E4FA4D00EB57C4 /* Release */ = {
			isa = XCBuildConfiguration;
			buildSettings = {
				ALWAYS_SEARCH_USER_PATHS = NO;
				CLANG_CXX_LANGUAGE_STANDARD = "gnu++0x";
				CLANG_CXX_LIBRARY = "libc++";
				CLANG_ENABLE_MODULES = YES;
				CLANG_ENABLE_OBJC_ARC = YES;
				CLANG_WARN_BOOL_CONVERSION = YES;
				CLANG_WARN_CONSTANT_CONVERSION = YES;
				CLANG_WARN_DIRECT_OBJC_ISA_USAGE = YES_ERROR;
				CLANG_WARN_EMPTY_BODY = YES;
				CLANG_WARN_ENUM_CONVERSION = YES;
				CLANG_WARN_INT_CONVERSION = YES;
				CLANG_WARN_OBJC_ROOT_CLASS = YES_ERROR;
				CLANG_WARN_UNREACHABLE_CODE = YES;
				CLANG_WARN__DUPLICATE_METHOD_MATCH = YES;
				COPY_PHASE_STRIP = YES;
				DEBUG_INFORMATION_FORMAT = "dwarf-with-dsym";
				ENABLE_NS_ASSERTIONS = NO;
				ENABLE_STRICT_OBJC_MSGSEND = YES;
				GCC_C_LANGUAGE_STANDARD = gnu99;
				GCC_WARN_64_TO_32_BIT_CONVERSION = YES;
				GCC_WARN_ABOUT_RETURN_TYPE = YES_ERROR;
				GCC_WARN_UNDECLARED_SELECTOR = YES;
				GCC_WARN_UNINITIALIZED_AUTOS = YES_AGGRESSIVE;
				GCC_WARN_UNUSED_FUNCTION = YES;
				GCC_WARN_UNUSED_VARIABLE = YES;
				MACOSX_DEPLOYMENT_TARGET = 10.9;
				MTL_ENABLE_DEBUG_INFO = NO;
				SDKROOT = macosx;
			};
			name = Release;
		};
		DD3FE50419E4FA4D00EB57C4 /* Debug */ = {
			isa = XCBuildConfiguration;
			buildSettings = {
				DEBUGGING_SYMBOLS = YES;
				GCC_GENERATE_DEBUGGING_SYMBOLS = YES;
				GCC_OPTIMIZATION_LEVEL = 0;
				OTHER_CFLAGS = "";
				OTHER_LDFLAGS = "";
				PRODUCT_NAME = "$(TARGET_NAME)";
			};
			name = Debug;
		};
		DD3FE50519E4FA4D00EB57C4 /* Release */ = {
			isa = XCBuildConfiguration;
			buildSettings = {
				OTHER_CFLAGS = "";
				OTHER_LDFLAGS = "";
				PRODUCT_NAME = "$(TARGET_NAME)";
			};
			name = Release;
		};
/* End XCBuildConfiguration section */

/* Begin XCConfigurationList section */
		DD3FE4FF19E4FA4D00EB57C4 /* Build configuration list for PBXProject "RTAProtoV2" */ = {
			isa = XCConfigurationList;
			buildConfigurations = (
				DD3FE50119E4FA4D00EB57C4 /* Debug */,
				DD3FE50219E4FA4D00EB57C4 /* Release */,
			);
			defaultConfigurationIsVisible = 0;
			defaultConfigurationName = Release;
		};
		DD3FE50319E4FA4D00EB57C4 /* Build configuration list for PBXLegacyTarget "RTAProtoV2" */ = {
			isa = XCConfigurationList;
			buildConfigurations = (
				DD3FE50419E4FA4D00EB57C4 /* Debug */,
				DD3FE50519E4FA4D00EB57C4 /* Release */,
			);
			defaultConfigurationIsVisible = 0;
			defaultConfigurationName = Release;
		};
/* End XCConfigurationList section */
	};
	rootObject = DD3FE4FC19E4FA4D00EB57C4 /* Project object */;
}
